
Microsoft Visual Studio Solution File, Format Version 11.00
# Visual Studio 2010
Project("{FAE04EC0-301F-11D3-BF4B-00C04F79EFBC}") = "AllBiomesWorld", "Void.csproj", "{A9FBB950-FF67-4E5B-A37F-F5919F2FBBBB}"
EndProject
Global
	GlobalSection(SolutionConfigurationPlatforms) = preSolution
		Debug|Any CPU = Debug|Any CPU
		Release|Any CPU = Release|Any CPU
	EndGlobalSection
	GlobalSection(ProjectConfigurationPlatforms) = postSolution
		{A9FBB950-FF67-4E5B-A37F-F5919F2FBBBB}.Debug|Any CPU.ActiveCfg = Debug|Any CPU
		{A9FBB950-FF67-4E5B-A37F-F5919F2FBBBB}.Debug|Any CPU.Build.0 = Debug|Any CPU
		{A9FBB950-FF67-4E5B-A37F-F5919F2FBBBB}.Release|Any CPU.ActiveCfg = Release|Any CPU
		{A9FBB950-FF67-4E5B-A37F-F5919F2FBBBB}.Release|Any CPU.Build.0 = Release|Any CPU
	EndGlobalSection
	GlobalSection(SolutionProperties) = preSolution
		HideSolutionNode = FALSE
	EndGlobalSection
EndGlobal
