
Microsoft Visual Studio Solution File, Format Version 12.00
Project("{FAE04EC0-301F-11D3-BF4B-00C04F79EFBC}") = "Voidria", "Voidria\Voidria.csproj", "{5527F1E6-13FD-4552-8F01-B583E2EA0244}"
EndProject
Global
	GlobalSection(SolutionConfigurationPlatforms) = preSolution
		Debug|Any CPU = Debug|Any CPU
		Release|Any CPU = Release|Any CPU
	EndGlobalSection
	GlobalSection(ProjectConfigurationPlatforms) = postSolution
		{5527F1E6-13FD-4552-8F01-B583E2EA0244}.Debug|Any CPU.ActiveCfg = Debug|Any CPU
		{5527F1E6-13FD-4552-8F01-B583E2EA0244}.Debug|Any CPU.Build.0 = Debug|Any CPU
		{5527F1E6-13FD-4552-8F01-B583E2EA0244}.Release|Any CPU.ActiveCfg = Release|Any CPU
		{5527F1E6-13FD-4552-8F01-B583E2EA0244}.Release|Any CPU.Build.0 = Release|Any CPU
	EndGlobalSection
EndGlobal
